{
  "source_path": "site/src/blog/2026-02-03-why-l10n.md",
  "source_hash": "e8ae16517d8d5b45a8f8dd2ea98756dd5c579b62b9960c57216b4ad634fe1329",
  "outputs": {
    "de": {
      "path": "site/src/i18n/de/2026-02-03-why-l10n.md",
      "hash": "f56ecaf3f0fb6b8a6416babca2c92768295cec2fdb82b35497c80e7ee46a349a",
      "context_hash": "b415e6b1ae10c7baeaa156b2ac1e921ff2c8d3ea05d0b69828bf4d8df4925577",
      "checked_at": "2026-02-03T15:06:04Z"
    },
    "es": {
      "path": "site/src/i18n/es/2026-02-03-why-l10n.md",
      "hash": "cd3e46af9830801118e43e2d4e16edbf50ffff9d01af71406fc8a6356aab6741",
      "context_hash": "b415e6b1ae10c7baeaa156b2ac1e921ff2c8d3ea05d0b69828bf4d8df4925577",
      "checked_at": "2026-02-03T15:05:53Z"
    },
    "ja": {
      "path": "site/src/i18n/ja/2026-02-03-why-l10n.md",
      "hash": "da17f3238b70a2a01586ca63bb62422c70d381469e06a7a1cb6b46601894baa6",
      "context_hash": "b415e6b1ae10c7baeaa156b2ac1e921ff2c8d3ea05d0b69828bf4d8df4925577",
      "checked_at": "2026-02-03T15:06:29Z"
    },
    "ko": {
      "path": "site/src/i18n/ko/2026-02-03-why-l10n.md",
      "hash": "5c601d6c91b5aace2ebc09bed4e14ead9bb1f7768ef3eb312107255b5855f45b",
      "context_hash": "b415e6b1ae10c7baeaa156b2ac1e921ff2c8d3ea05d0b69828bf4d8df4925577",
      "checked_at": "2026-02-03T15:06:17Z"
    },
    "zh-Hans": {
      "path": "site/src/i18n/zh-Hans/2026-02-03-why-l10n.md",
      "hash": "7ecfa367a442566e7a4a1eaa91d2dd9def4d1fdef77dcb120dd7bee525b6c22d",
      "context_hash": "b415e6b1ae10c7baeaa156b2ac1e921ff2c8d3ea05d0b69828bf4d8df4925577",
      "checked_at": "2026-02-03T15:06:41Z"
    },
    "zh-Hant": {
      "path": "site/src/i18n/zh-Hant/2026-02-03-why-l10n.md",
      "hash": "178857cf0ef797f75007f7d95fd8a94198426f78678950794a8b8a3701bb8c8c",
      "context_hash": "b415e6b1ae10c7baeaa156b2ac1e921ff2c8d3ea05d0b69828bf4d8df4925577",
      "checked_at": "2026-02-03T15:06:53Z"
    }
  },
  "updated_at": "2026-02-03T15:06:53Z"
}