{
  "source_path": "site/src/blog/2026-02-03-why-l10n.md",
  "source_hash": "cf826324affcc131a7ff0c3603c6da2c24f36733863700db3aa66a01a4a0e0b8",
  "outputs": {
    "de": {
      "path": "site/src/i18n/de/blog/2026-02-03-why-l10n.md",
      "hash": "694eaf41ed84055545504bda6cc9d86122d5d8453877eb42f607379f2e7b9be3",
      "context_hash": "b415e6b1ae10c7baeaa156b2ac1e921ff2c8d3ea05d0b69828bf4d8df4925577",
      "checked_at": "2026-02-06T11:41:48.619Z"
    },
    "es": {
      "path": "site/src/i18n/es/blog/2026-02-03-why-l10n.md",
      "hash": "8ac5ea6744e1b47d8bba1e78b03e9649830529bc5f329243a867fa4db3ffdcfc",
      "context_hash": "b415e6b1ae10c7baeaa156b2ac1e921ff2c8d3ea05d0b69828bf4d8df4925577",
      "checked_at": "2026-02-06T11:41:17.407Z"
    },
    "ja": {
      "path": "site/src/i18n/ja/blog/2026-02-03-why-l10n.md",
      "hash": "b27b22402238203fff812fa6b0bc9b536b4d415a8dcb1d983baff136ff3e1a20",
      "context_hash": "b415e6b1ae10c7baeaa156b2ac1e921ff2c8d3ea05d0b69828bf4d8df4925577",
      "checked_at": "2026-02-06T11:43:13.941Z"
    },
    "ko": {
      "path": "site/src/i18n/ko/blog/2026-02-03-why-l10n.md",
      "hash": "04b824c063da3b5ce98cd884a0a8d27f687e841d302f1b1bf92b2934c4d43aa9",
      "context_hash": "b415e6b1ae10c7baeaa156b2ac1e921ff2c8d3ea05d0b69828bf4d8df4925577",
      "checked_at": "2026-02-06T11:42:33.130Z"
    },
    "zh-Hans": {
      "path": "site/src/i18n/zh-Hans/blog/2026-02-03-why-l10n.md",
      "hash": "f7403b9f758d58cedd74f54f602c4218206753e4c629709d24d5f7b6c1d5703c",
      "context_hash": "b415e6b1ae10c7baeaa156b2ac1e921ff2c8d3ea05d0b69828bf4d8df4925577",
      "checked_at": "2026-02-06T11:43:43.006Z"
    },
    "zh-Hant": {
      "path": "site/src/i18n/zh-Hant/blog/2026-02-03-why-l10n.md",
      "hash": "8e14a12511e5a224e5bf37cea89f5e15ccffa3047ab25920d8b80916c083b73a",
      "context_hash": "b415e6b1ae10c7baeaa156b2ac1e921ff2c8d3ea05d0b69828bf4d8df4925577",
      "checked_at": "2026-02-06T11:44:14.758Z"
    }
  },
  "updated_at": "2026-02-06T11:44:14.758Z"
}
