{
  "source_path": "site/src/_data/home.json",
  "source_hash": "79f6bf25ce6462f0fd28bb1796f4c22df28e34560ee6b587330ed2e777737cd0",
  "outputs": {
    "de": {
      "path": "site/src/_data/i18n/de/home.json",
      "hash": "82da5e21b31ec5244cd7be99ce5a776549e72f7b8f27cd87f880fb1dc32e2811",
      "context_hash": "b415e6b1ae10c7baeaa156b2ac1e921ff2c8d3ea05d0b69828bf4d8df4925577",
      "checked_at": "2026-02-03T15:02:57Z"
    },
    "es": {
      "path": "site/src/_data/i18n/es/home.json",
      "hash": "11d2deddf8a9aed80a3e650a02c00b75b82f2d0f7cb5fe8d5728bd4235c7bd14",
      "context_hash": "b415e6b1ae10c7baeaa156b2ac1e921ff2c8d3ea05d0b69828bf4d8df4925577",
      "checked_at": "2026-02-03T15:30:28Z"
    },
    "ja": {
      "path": "site/src/_data/i18n/ja/home.json",
      "hash": "5158d96fbf94750a317fd27cfcdfca21d2b5dc81950d228969fe451b0e39a671",
      "context_hash": "b415e6b1ae10c7baeaa156b2ac1e921ff2c8d3ea05d0b69828bf4d8df4925577",
      "checked_at": "2026-02-03T15:03:57Z"
    },
    "ko": {
      "path": "site/src/_data/i18n/ko/home.json",
      "hash": "8f6935d74770b1b2b2498eda737268a8a8145387b14ec5aba02e944322702b3e",
      "context_hash": "b415e6b1ae10c7baeaa156b2ac1e921ff2c8d3ea05d0b69828bf4d8df4925577",
      "checked_at": "2026-02-03T15:03:28Z"
    },
    "zh-Hans": {
      "path": "site/src/_data/i18n/zh-Hans/home.json",
      "hash": "5dd23d90e2358769bc6b6096fb0be74758864216b37cc29e7395d680fdaddedc",
      "context_hash": "b415e6b1ae10c7baeaa156b2ac1e921ff2c8d3ea05d0b69828bf4d8df4925577",
      "checked_at": "2026-02-03T15:04:22Z"
    },
    "zh-Hant": {
      "path": "site/src/_data/i18n/zh-Hant/home.json",
      "hash": "1b3472944602272b35ee1ef0f082effa084889e0647932c4098591edb63d114d",
      "context_hash": "b415e6b1ae10c7baeaa156b2ac1e921ff2c8d3ea05d0b69828bf4d8df4925577",
      "checked_at": "2026-02-03T15:04:50Z"
    }
  },
  "updated_at": "2026-02-03T15:30:28Z"
}