{
  "source_path": "site/src/_data/home.json",
  "source_hash": "23511aa83454f922ddfd5a1cf2c87435682be6601acf7065ed12f8f3bb241c09",
  "outputs": {
    "de": {
      "path": "site/src/_data/i18n/de/home.json",
      "hash": "74e0532f01fd410671b0bf254cf02675629ccd717633ac200ea3918d4bb49476",
      "context_hash": "b415e6b1ae10c7baeaa156b2ac1e921ff2c8d3ea05d0b69828bf4d8df4925577",
      "checked_at": "2026-02-06T11:37:28.273Z"
    },
    "es": {
      "path": "site/src/_data/i18n/es/home.json",
      "hash": "9f1a85d97bcadd73c03e5648386e2ce07ad1ac1550eb73ef7b42827f784db4ef",
      "context_hash": "b415e6b1ae10c7baeaa156b2ac1e921ff2c8d3ea05d0b69828bf4d8df4925577",
      "checked_at": "2026-02-06T11:36:54.092Z"
    },
    "ja": {
      "path": "site/src/_data/i18n/ja/home.json",
      "hash": "944f6b8fa9662f8220adcaaa180f2a58a0d296d3b6560e1d95f88d17fba676df",
      "context_hash": "b415e6b1ae10c7baeaa156b2ac1e921ff2c8d3ea05d0b69828bf4d8df4925577",
      "checked_at": "2026-02-06T11:38:53.285Z"
    },
    "ko": {
      "path": "site/src/_data/i18n/ko/home.json",
      "hash": "fdc6af446c2c86781f572b7e141050b99e46358d4afa4a03cbecfad57687df4d",
      "context_hash": "b415e6b1ae10c7baeaa156b2ac1e921ff2c8d3ea05d0b69828bf4d8df4925577",
      "checked_at": "2026-02-06T11:38:11.964Z"
    },
    "zh-Hans": {
      "path": "site/src/_data/i18n/zh-Hans/home.json",
      "hash": "51e11a7cec5a1f42c09347466a94b8830c25046d6e08893b5bd5ef653b842f2d",
      "context_hash": "b415e6b1ae10c7baeaa156b2ac1e921ff2c8d3ea05d0b69828bf4d8df4925577",
      "checked_at": "2026-02-06T11:39:28.364Z"
    },
    "zh-Hant": {
      "path": "site/src/_data/i18n/zh-Hant/home.json",
      "hash": "a2874850cf6388834a8197774f3c43cc44e7ad21a5edea7ba9d37cb2e71121a8",
      "context_hash": "b415e6b1ae10c7baeaa156b2ac1e921ff2c8d3ea05d0b69828bf4d8df4925577",
      "checked_at": "2026-02-06T11:40:04.345Z"
    }
  },
  "updated_at": "2026-02-06T11:40:04.356Z"
}
