{
  "source_path": "site/src/_data/ui.json",
  "source_hash": "c298dde9f8f78b63e0377215ea114c3e1252a025ab15be3293c987a7474aacfe",
  "outputs": {
    "de": {
      "path": "site/src/_data/i18n/de/ui.json",
      "hash": "92d2cee2f2f60d7f67ecf58bae93c11cf431dce5054a203a9b462b16d22ae85c",
      "context_hash": "b415e6b1ae10c7baeaa156b2ac1e921ff2c8d3ea05d0b69828bf4d8df4925577",
      "checked_at": "2026-02-06T11:40:20.908Z"
    },
    "es": {
      "path": "site/src/_data/i18n/es/ui.json",
      "hash": "dd1ec86e88d0cac354dcce0c894c4bed8d563a2b211c8c64dbb0d8776e3140ba",
      "context_hash": "b415e6b1ae10c7baeaa156b2ac1e921ff2c8d3ea05d0b69828bf4d8df4925577",
      "checked_at": "2026-02-06T11:40:12.938Z"
    },
    "ja": {
      "path": "site/src/_data/i18n/ja/ui.json",
      "hash": "21e27297916e29d08663c38736d65971a9455e3ef819af85137dd51048f1ed8b",
      "context_hash": "b415e6b1ae10c7baeaa156b2ac1e921ff2c8d3ea05d0b69828bf4d8df4925577",
      "checked_at": "2026-02-06T11:40:36.776Z"
    },
    "ko": {
      "path": "site/src/_data/i18n/ko/ui.json",
      "hash": "503c3c0dfa768b1270c8746486d053424a6bdb7627f112d6532cfd718ad253fe",
      "context_hash": "b415e6b1ae10c7baeaa156b2ac1e921ff2c8d3ea05d0b69828bf4d8df4925577",
      "checked_at": "2026-02-06T11:40:29.120Z"
    },
    "zh-Hans": {
      "path": "site/src/_data/i18n/zh-Hans/ui.json",
      "hash": "d4947fa6f0c08f2c2c56677ff4a201cbc0b8959d480489094c014489b7a98178",
      "context_hash": "b415e6b1ae10c7baeaa156b2ac1e921ff2c8d3ea05d0b69828bf4d8df4925577",
      "checked_at": "2026-02-06T11:40:44.747Z"
    },
    "zh-Hant": {
      "path": "site/src/_data/i18n/zh-Hant/ui.json",
      "hash": "6f881e21edc45d316aa371413a8c1ac7d1629184fc347abd49f7cfe7fe58af6d",
      "context_hash": "b415e6b1ae10c7baeaa156b2ac1e921ff2c8d3ea05d0b69828bf4d8df4925577",
      "checked_at": "2026-02-06T11:40:52.977Z"
    }
  },
  "updated_at": "2026-02-06T11:40:52.977Z"
}
